
Microsoft Visual Studio Solution File, Format Version 12.00
# Visual Studio Version 16
VisualStudioVersion = 16.0.30011.22
MinimumVisualStudioVersion = 15.0.26124.0
Project("{9A19103F-16F7-4668-BE54-9A1E7A4F7556}") = "bridges-structures-service", "src\bridges-structures-service.csproj", "{787133F2-B632-4C3C-AE9D-E1D682BDD731}"
EndProject
Project("{9A19103F-16F7-4668-BE54-9A1E7A4F7556}") = "bridges-structures-service-tests", "tests\bridges-structures-service-tests.csproj", "{EDF09640-2BF3-463B-B4E8-D33704404C13}"
EndProject
Global
	GlobalSection(SolutionConfigurationPlatforms) = preSolution
		Debug|Any CPU = Debug|Any CPU
		Debug|x64 = Debug|x64
		Debug|x86 = Debug|x86
		Release|Any CPU = Release|Any CPU
		Release|x64 = Release|x64
		Release|x86 = Release|x86
	EndGlobalSection
	GlobalSection(ProjectConfigurationPlatforms) = postSolution
		{787133F2-B632-4C3C-AE9D-E1D682BDD731}.Debug|Any CPU.ActiveCfg = Debug|Any CPU
		{787133F2-B632-4C3C-AE9D-E1D682BDD731}.Debug|Any CPU.Build.0 = Debug|Any CPU
		{787133F2-B632-4C3C-AE9D-E1D682BDD731}.Debug|x64.ActiveCfg = Debug|Any CPU
		{787133F2-B632-4C3C-AE9D-E1D682BDD731}.Debug|x64.Build.0 = Debug|Any CPU
		{787133F2-B632-4C3C-AE9D-E1D682BDD731}.Debug|x86.ActiveCfg = Debug|Any CPU
		{787133F2-B632-4C3C-AE9D-E1D682BDD731}.Debug|x86.Build.0 = Debug|Any CPU
		{787133F2-B632-4C3C-AE9D-E1D682BDD731}.Release|Any CPU.ActiveCfg = Release|Any CPU
		{787133F2-B632-4C3C-AE9D-E1D682BDD731}.Release|Any CPU.Build.0 = Release|Any CPU
		{787133F2-B632-4C3C-AE9D-E1D682BDD731}.Release|x64.ActiveCfg = Release|Any CPU
		{787133F2-B632-4C3C-AE9D-E1D682BDD731}.Release|x64.Build.0 = Release|Any CPU
		{787133F2-B632-4C3C-AE9D-E1D682BDD731}.Release|x86.ActiveCfg = Release|Any CPU
		{787133F2-B632-4C3C-AE9D-E1D682BDD731}.Release|x86.Build.0 = Release|Any CPU
		{EDF09640-2BF3-463B-B4E8-D33704404C13}.Debug|Any CPU.ActiveCfg = Debug|Any CPU
		{EDF09640-2BF3-463B-B4E8-D33704404C13}.Debug|Any CPU.Build.0 = Debug|Any CPU
		{EDF09640-2BF3-463B-B4E8-D33704404C13}.Debug|x64.ActiveCfg = Debug|Any CPU
		{EDF09640-2BF3-463B-B4E8-D33704404C13}.Debug|x64.Build.0 = Debug|Any CPU
		{EDF09640-2BF3-463B-B4E8-D33704404C13}.Debug|x86.ActiveCfg = Debug|Any CPU
		{EDF09640-2BF3-463B-B4E8-D33704404C13}.Debug|x86.Build.0 = Debug|Any CPU
		{EDF09640-2BF3-463B-B4E8-D33704404C13}.Release|Any CPU.ActiveCfg = Release|Any CPU
		{EDF09640-2BF3-463B-B4E8-D33704404C13}.Release|Any CPU.Build.0 = Release|Any CPU
		{EDF09640-2BF3-463B-B4E8-D33704404C13}.Release|x64.ActiveCfg = Release|Any CPU
		{EDF09640-2BF3-463B-B4E8-D33704404C13}.Release|x64.Build.0 = Release|Any CPU
		{EDF09640-2BF3-463B-B4E8-D33704404C13}.Release|x86.ActiveCfg = Release|Any CPU
		{EDF09640-2BF3-463B-B4E8-D33704404C13}.Release|x86.Build.0 = Release|Any CPU
	EndGlobalSection
	GlobalSection(SolutionProperties) = preSolution
		HideSolutionNode = FALSE
	EndGlobalSection
	GlobalSection(ExtensibilityGlobals) = postSolution
		SolutionGuid = {948B375C-9364-41D5-8300-6DB47142F086}
	EndGlobalSection
EndGlobal
